// !$*UTF8*$!
{
	archiveVersion = 1;
	classes = {
	};
	objectVersion = 50;
	objects = {

/* Begin PBXBuildFile section */
		BE4675CE20A5FF0200C75F26 /* AppDelegate.swift in Sources */ = {isa = PBXBuildFile; fileRef = BE4675CD20A5FF0200C75F26 /* AppDelegate.swift */; };
		BE4675D020A5FF0200C75F26 /* ViewController.swift in Sources */ = {isa = PBXBuildFile; fileRef = BE4675CF20A5FF0200C75F26 /* ViewController.swift */; };
		BE4675D320A5FF0200C75F26 /* Main.storyboard in Resources */ = {isa = PBXBuildFile; fileRef = BE4675D120A5FF0200C75F26 /* Main.storyboard */; };
		BE4675D620A5FF0200C75F26 /* SmartCam.xcdatamodeld in Sources */ = {isa = PBXBuildFile; fileRef = BE4675D420A5FF0200C75F26 /* SmartCam.xcdatamodeld */; };
		BE4675D820A5FF0400C75F26 /* Assets.xcassets in Resources */ = {isa = PBXBuildFile; fileRef = BE4675D720A5FF0400C75F26 /* Assets.xcassets */; };
		BE4675DB20A5FF0400C75F26 /* LaunchScreen.storyboard in Resources */ = {isa = PBXBuildFile; fileRef = BE4675D920A5FF0400C75F26 /* LaunchScreen.storyboard */; };
		BE4675E620A5FF0500C75F26 /* SmartCamTests.swift in Sources */ = {isa = PBXBuildFile; fileRef = BE4675E520A5FF0500C75F26 /* SmartCamTests.swift */; };
		BE4675F120A5FF0500C75F26 /* SmartCamUITests.swift in Sources */ = {isa = PBXBuildFile; fileRef = BE4675F020A5FF0500C75F26 /* SmartCamUITests.swift */; };
/* End PBXBuildFile section */

/* Begin PBXContainerItemProxy section */
		BE4675E220A5FF0400C75F26 /* PBXContainerItemProxy */ = {
			isa = PBXContainerItemProxy;
			containerPortal = BE4675C220A5FF0200C75F26 /* Project object */;
			proxyType = 1;
			remoteGlobalIDString = BE4675C920A5FF0200C75F26;
			remoteInfo = SmartCam;
		};
		BE4675ED20A5FF0500C75F26 /* PBXContainerItemProxy */ = {
			isa = PBXContainerItemProxy;
			containerPortal = BE4675C220A5FF0200C75F26 /* Project object */;
			proxyType = 1;
			remoteGlobalIDString = BE4675C920A5FF0200C75F26;
			remoteInfo = SmartCam;
		};
/* End PBXContainerItemProxy section */

/* Begin PBXFileReference section */
		BE4675CA20A5FF0200C75F26 /* SmartCam.app */ = {isa = PBXFileReference; explicitFileType = wrapper.application; includeInIndex = 0; path = SmartCam.app; sourceTree = BUILT_PRODUCTS_DIR; };
		BE4675CD20A5FF0200C75F26 /* AppDelegate.swift */ = {isa = PBXFileReference; lastKnownFileType = sourcecode.swift; path = AppDelegate.swift; sourceTree = "<group>"; };
		BE4675CF20A5FF0200C75F26 /* ViewController.swift */ = {isa = PBXFileReference; lastKnownFileType = sourcecode.swift; path = ViewController.swift; sourceTree = "<group>"; };
		BE4675D220A5FF0200C75F26 /* Base */ = {isa = PBXFileReference; lastKnownFileType = file.storyboard; name = Base; path = Base.lproj/Main.storyboard; sourceTree = "<group>"; };
		BE4675D520A5FF0200C75F26 /* SmartCam.xcdatamodel */ = {isa = PBXFileReference; lastKnownFileType = wrapper.xcdatamodel; path = SmartCam.xcdatamodel; sourceTree = "<group>"; };
		BE4675D720A5FF0400C75F26 /* Assets.xcassets */ = {isa = PBXFileReference; lastKnownFileType = folder.assetcatalog; path = Assets.xcassets; sourceTree = "<group>"; };
		BE4675DA20A5FF0400C75F26 /* Base */ = {isa = PBXFileReference; lastKnownFileType = file.storyboard; name = Base; path = Base.lproj/LaunchScreen.storyboard; sourceTree = "<group>"; };
		BE4675DC20A5FF0400C75F26 /* Info.plist */ = {isa = PBXFileReference; lastKnownFileType = text.plist.xml; path = Info.plist; sourceTree = "<group>"; };
		BE4675E120A5FF0400C75F26 /* SmartCamTests.xctest */ = {isa = PBXFileReference; explicitFileType = wrapper.cfbundle; includeInIndex = 0; path = SmartCamTests.xctest; sourceTree = BUILT_PRODUCTS_DIR; };
		BE4675E520A5FF0500C75F26 /* SmartCamTests.swift */ = {isa = PBXFileReference; lastKnownFileType = sourcecode.swift; path = SmartCamTests.swift; sourceTree = "<group>"; };
		BE4675E720A5FF0500C75F26 /* Info.plist */ = {isa = PBXFileReference; lastKnownFileType = text.plist.xml; path = Info.plist; sourceTree = "<group>"; };
		BE4675EC20A5FF0500C75F26 /* SmartCamUITests.xctest */ = {isa = PBXFileReference; explicitFileType = wrapper.cfbundle; includeInIndex = 0; path = SmartCamUITests.xctest; sourceTree = BUILT_PRODUCTS_DIR; };
		BE4675F020A5FF0500C75F26 /* SmartCamUITests.swift */ = {isa = PBXFileReference; lastKnownFileType = sourcecode.swift; path = SmartCamUITests.swift; sourceTree = "<group>"; };
		BE4675F220A5FF0500C75F26 /* Info.plist */ = {isa = PBXFileReference; lastKnownFileType = text.plist.xml; path = Info.plist; sourceTree = "<group>"; };
/* End PBXFileReference section */

/* Begin PBXFrameworksBuildPhase section */
		BE4675C720A5FF0200C75F26 /* Frameworks */ = {
			isa = PBXFrameworksBuildPhase;
			buildActionMask = 2147483647;
			files = (
			);
			runOnlyForDeploymentPostprocessing = 0;
		};
		BE4675DE20A5FF0400C75F26 /* Frameworks */ = {
			isa = PBXFrameworksBuildPhase;
			buildActionMask = 2147483647;
			files = (
			);
			runOnlyForDeploymentPostprocessing = 0;
		};
		BE4675E920A5FF0500C75F26 /* Frameworks */ = {
			isa = PBXFrameworksBuildPhase;
			buildActionMask = 2147483647;
			files = (
			);
			runOnlyForDeploymentPostprocessing = 0;
		};
/* End PBXFrameworksBuildPhase section */

/* Begin PBXGroup section */
		BE4675C120A5FF0200C75F26 = {
			isa = PBXGroup;
			children = (
				BE4675CC20A5FF0200C75F26 /* SmartCam */,
				BE4675E420A5FF0500C75F26 /* SmartCamTests */,
				BE4675EF20A5FF0500C75F26 /* SmartCamUITests */,
				BE4675CB20A5FF0200C75F26 /* Products */,
			);
			sourceTree = "<group>";
		};
		BE4675CB20A5FF0200C75F26 /* Products */ = {
			isa = PBXGroup;
			children = (
				BE4675CA20A5FF0200C75F26 /* SmartCam.app */,
				BE4675E120A5FF0400C75F26 /* SmartCamTests.xctest */,
				BE4675EC20A5FF0500C75F26 /* SmartCamUITests.xctest */,
			);
			name = Products;
			sourceTree = "<group>";
		};
		BE4675CC20A5FF0200C75F26 /* SmartCam */ = {
			isa = PBXGroup;
			children = (
				BE4675CD20A5FF0200C75F26 /* AppDelegate.swift */,
				BE4675CF20A5FF0200C75F26 /* ViewController.swift */,
				BE4675D120A5FF0200C75F26 /* Main.storyboard */,
				BE4675D720A5FF0400C75F26 /* Assets.xcassets */,
				BE4675D920A5FF0400C75F26 /* LaunchScreen.storyboard */,
				BE4675DC20A5FF0400C75F26 /* Info.plist */,
				BE4675D420A5FF0200C75F26 /* SmartCam.xcdatamodeld */,
			);
			path = SmartCam;
			sourceTree = "<group>";
		};
		BE4675E420A5FF0500C75F26 /* SmartCamTests */ = {
			isa = PBXGroup;
			children = (
				BE4675E520A5FF0500C75F26 /* SmartCamTests.swift */,
				BE4675E720A5FF0500C75F26 /* Info.plist */,
			);
			path = SmartCamTests;
			sourceTree = "<group>";
		};
		BE4675EF20A5FF0500C75F26 /* SmartCamUITests */ = {
			isa = PBXGroup;
			children = (
				BE4675F020A5FF0500C75F26 /* SmartCamUITests.swift */,
				BE4675F220A5FF0500C75F26 /* Info.plist */,
			);
			path = SmartCamUITests;
			sourceTree = "<group>";
		};
/* End PBXGroup section */

/* Begin PBXNativeTarget section */
		BE4675C920A5FF0200C75F26 /* SmartCam */ = {
			isa = PBXNativeTarget;
			buildConfigurationList = BE4675F520A5FF0500C75F26 /* Build configuration list for PBXNativeTarget "SmartCam" */;
			buildPhases = (
				BE4675C620A5FF0200C75F26 /* Sources */,
				BE4675C720A5FF0200C75F26 /* Frameworks */,
				BE4675C820A5FF0200C75F26 /* Resources */,
			);
			buildRules = (
			);
			dependencies = (
			);
			name = SmartCam;
			productName = SmartCam;
			productReference = BE4675CA20A5FF0200C75F26 /* SmartCam.app */;
			productType = "com.apple.product-type.application";
		};
		BE4675E020A5FF0400C75F26 /* SmartCamTests */ = {
			isa = PBXNativeTarget;
			buildConfigurationList = BE4675F820A5FF0500C75F26 /* Build configuration list for PBXNativeTarget "SmartCamTests" */;
			buildPhases = (
				BE4675DD20A5FF0400C75F26 /* Sources */,
				BE4675DE20A5FF0400C75F26 /* Frameworks */,
				BE4675DF20A5FF0400C75F26 /* Resources */,
			);
			buildRules = (
			);
			dependencies = (
				BE4675E320A5FF0400C75F26 /* PBXTargetDependency */,
			);
			name = SmartCamTests;
			productName = SmartCamTests;
			productReference = BE4675E120A5FF0400C75F26 /* SmartCamTests.xctest */;
			productType = "com.apple.product-type.bundle.unit-test";
		};
		BE4675EB20A5FF0500C75F26 /* SmartCamUITests */ = {
			isa = PBXNativeTarget;
			buildConfigurationList = BE4675FB20A5FF0500C75F26 /* Build configuration list for PBXNativeTarget "SmartCamUITests" */;
			buildPhases = (
				BE4675E820A5FF0500C75F26 /* Sources */,
				BE4675E920A5FF0500C75F26 /* Frameworks */,
				BE4675EA20A5FF0500C75F26 /* Resources */,
			);
			buildRules = (
			);
			dependencies = (
				BE4675EE20A5FF0500C75F26 /* PBXTargetDependency */,
			);
			name = SmartCamUITests;
			productName = SmartCamUITests;
			productReference = BE4675EC20A5FF0500C75F26 /* SmartCamUITests.xctest */;
			productType = "com.apple.product-type.bundle.ui-testing";
		};
/* End PBXNativeTarget section */

/* Begin PBXProject section */
		BE4675C220A5FF0200C75F26 /* Project object */ = {
			isa = PBXProject;
			attributes = {
				LastSwiftUpdateCheck = 0930;
				LastUpgradeCheck = 0930;
				ORGANIZATIONNAME = "Mayank Daswani";
				TargetAttributes = {
					BE4675C920A5FF0200C75F26 = {
						CreatedOnToolsVersion = 9.3;
					};
					BE4675E020A5FF0400C75F26 = {
						CreatedOnToolsVersion = 9.3;
						TestTargetID = BE4675C920A5FF0200C75F26;
					};
					BE4675EB20A5FF0500C75F26 = {
						CreatedOnToolsVersion = 9.3;
						TestTargetID = BE4675C920A5FF0200C75F26;
					};
				};
			};
			buildConfigurationList = BE4675C520A5FF0200C75F26 /* Build configuration list for PBXProject "SmartCam" */;
			compatibilityVersion = "Xcode 9.3";
			developmentRegion = en;
			hasScannedForEncodings = 0;
			knownRegions = (
				en,
				Base,
			);
			mainGroup = BE4675C120A5FF0200C75F26;
			productRefGroup = BE4675CB20A5FF0200C75F26 /* Products */;
			projectDirPath = "";
			projectRoot = "";
			targets = (
				BE4675C920A5FF0200C75F26 /* SmartCam */,
				BE4675E020A5FF0400C75F26 /* SmartCamTests */,
				BE4675EB20A5FF0500C75F26 /* SmartCamUITests */,
			);
		};
/* End PBXProject section */

/* Begin PBXResourcesBuildPhase section */
		BE4675C820A5FF0200C75F26 /* Resources */ = {
			isa = PBXResourcesBuildPhase;
			buildActionMask = 2147483647;
			files = (
				BE4675DB20A5FF0400C75F26 /* LaunchScreen.storyboard in Resources */,
				BE4675D820A5FF0400C75F26 /* Assets.xcassets in Resources */,
				BE4675D320A5FF0200C75F26 /* Main.storyboard in Resources */,
			);
			runOnlyForDeploymentPostprocessing = 0;
		};
		BE4675DF20A5FF0400C75F26 /* Resources */ = {
			isa = PBXResourcesBuildPhase;
			buildActionMask = 2147483647;
			files = (
			);
			runOnlyForDeploymentPostprocessing = 0;
		};
		BE4675EA20A5FF0500C75F26 /* Resources */ = {
			isa = PBXResourcesBuildPhase;
			buildActionMask = 2147483647;
			files = (
			);
			runOnlyForDeploymentPostprocessing = 0;
		};
/* End PBXResourcesBuildPhase section */

/* Begin PBXSourcesBuildPhase section */
		BE4675C620A5FF0200C75F26 /* Sources */ = {
			isa = PBXSourcesBuildPhase;
			buildActionMask = 2147483647;
			files = (
				BE4675D020A5FF0200C75F26 /* ViewController.swift in Sources */,
				BE4675D620A5FF0200C75F26 /* SmartCam.xcdatamodeld in Sources */,
				BE4675CE20A5FF0200C75F26 /* AppDelegate.swift in Sources */,
			);
			runOnlyForDeploymentPostprocessing = 0;
		};
		BE4675DD20A5FF0400C75F26 /* Sources */ = {
			isa = PBXSourcesBuildPhase;
			buildActionMask = 2147483647;
			files = (
				BE4675E620A5FF0500C75F26 /* SmartCamTests.swift in Sources */,
			);
			runOnlyForDeploymentPostprocessing = 0;
		};
		BE4675E820A5FF0500C75F26 /* Sources */ = {
			isa = PBXSourcesBuildPhase;
			buildActionMask = 2147483647;
			files = (
				BE4675F120A5FF0500C75F26 /* SmartCamUITests.swift in Sources */,
			);
			runOnlyForDeploymentPostprocessing = 0;
		};
/* End PBXSourcesBuildPhase section */

/* Begin PBXTargetDependency section */
		BE4675E320A5FF0400C75F26 /* PBXTargetDependency */ = {
			isa = PBXTargetDependency;
			target = BE4675C920A5FF0200C75F26 /* SmartCam */;
			targetProxy = BE4675E220A5FF0400C75F26 /* PBXContainerItemProxy */;
		};
		BE4675EE20A5FF0500C75F26 /* PBXTargetDependency */ = {
			isa = PBXTargetDependency;
			target = BE4675C920A5FF0200C75F26 /* SmartCam */;
			targetProxy = BE4675ED20A5FF0500C75F26 /* PBXContainerItemProxy */;
		};
/* End PBXTargetDependency section */

/* Begin PBXVariantGroup section */
		BE4675D120A5FF0200C75F26 /* Main.storyboard */ = {
			isa = PBXVariantGroup;
			children = (
				BE4675D220A5FF0200C75F26 /* Base */,
			);
			name = Main.storyboard;
			sourceTree = "<group>";
		};
		BE4675D920A5FF0400C75F26 /* LaunchScreen.storyboard */ = {
			isa = PBXVariantGroup;
			children = (
				BE4675DA20A5FF0400C75F26 /* Base */,
			);
			name = LaunchScreen.storyboard;
			sourceTree = "<group>";
		};
/* End PBXVariantGroup section */

/* Begin XCBuildConfiguration section */
		BE4675F320A5FF0500C75F26 /* Debug */ = {
			isa = XCBuildConfiguration;
			buildSettings = {
				ALWAYS_SEARCH_USER_PATHS = NO;
				CLANG_ANALYZER_NONNULL = YES;
				CLANG_ANALYZER_NUMBER_OBJECT_CONVERSION = YES_AGGRESSIVE;
				CLANG_CXX_LANGUAGE_STANDARD = "gnu++14";
				CLANG_CXX_LIBRARY = "libc++";
				CLANG_ENABLE_MODULES = YES;
				CLANG_ENABLE_OBJC_ARC = YES;
				CLANG_ENABLE_OBJC_WEAK = YES;
				CLANG_WARN_BLOCK_CAPTURE_AUTORELEASING = YES;
				CLANG_WARN_BOOL_CONVERSION = YES;
				CLANG_WARN_COMMA = YES;
				CLANG_WARN_CONSTANT_CONVERSION = YES;
				CLANG_WARN_DEPRECATED_OBJC_IMPLEMENTATIONS = YES;
				CLANG_WARN_DIRECT_OBJC_ISA_USAGE = YES_ERROR;
				CLANG_WARN_DOCUMENTATION_COMMENTS = YES;
				CLANG_WARN_EMPTY_BODY = YES;
				CLANG_WARN_ENUM_CONVERSION = YES;
				CLANG_WARN_INFINITE_RECURSION = YES;
				CLANG_WARN_INT_CONVERSION = YES;
				CLANG_WARN_NON_LITERAL_NULL_CONVERSION = YES;
				CLANG_WARN_OBJC_IMPLICIT_RETAIN_SELF = YES;
				CLANG_WARN_OBJC_LITERAL_CONVERSION = YES;
				CLANG_WARN_OBJC_ROOT_CLASS = YES_ERROR;
				CLANG_WARN_RANGE_LOOP_ANALYSIS = YES;
				CLANG_WARN_STRICT_PROTOTYPES = YES;
				CLANG_WARN_SUSPICIOUS_MOVE = YES;
				CLANG_WARN_UNGUARDED_AVAILABILITY = YES_AGGRESSIVE;
				CLANG_WARN_UNREACHABLE_CODE = YES;
				CLANG_WARN__DUPLICATE_METHOD_MATCH = YES;
				CODE_SIGN_IDENTITY = "iPhone Developer";
				COPY_PHASE_STRIP = NO;
				DEBUG_INFORMATION_FORMAT = dwarf;
				ENABLE_STRICT_OBJC_MSGSEND = YES;
				ENABLE_TESTABILITY = YES;
				GCC_C_LANGUAGE_STANDARD = gnu11;
				GCC_DYNAMIC_NO_PIC = NO;
				GCC_NO_COMMON_BLOCKS = YES;
				GCC_OPTIMIZATION_LEVEL = 0;
				GCC_PREPROCESSOR_DEFINITIONS = (
					"DEBUG=1",
					"$(inherited)",
				);
				GCC_WARN_64_TO_32_BIT_CONVERSION = YES;
				GCC_WARN_ABOUT_RETURN_TYPE = YES_ERROR;
				GCC_WARN_UNDECLARED_SELECTOR = YES;
				GCC_WARN_UNINITIALIZED_AUTOS = YES_AGGRESSIVE;
				GCC_WARN_UNUSED_FUNCTION = YES;
				GCC_WARN_UNUSED_VARIABLE = YES;
				IPHONEOS_DEPLOYMENT_TARGET = 11.3;
				MTL_ENABLE_DEBUG_INFO = YES;
				ONLY_ACTIVE_ARCH = YES;
				SDKROOT = iphoneos;
				SWIFT_ACTIVE_COMPILATION_CONDITIONS = DEBUG;
				SWIFT_OPTIMIZATION_LEVEL = "-Onone";
			};
			name = Debug;
		};
		BE4675F420A5FF0500C75F26 /* Release */ = {
			isa = XCBuildConfiguration;
			buildSettings = {
				ALWAYS_SEARCH_USER_PATHS = NO;
				CLANG_ANALYZER_NONNULL = YES;
				CLANG_ANALYZER_NUMBER_OBJECT_CONVERSION = YES_AGGRESSIVE;
				CLANG_CXX_LANGUAGE_STANDARD = "gnu++14";
				CLANG_CXX_LIBRARY = "libc++";
				CLANG_ENABLE_MODULES = YES;
				CLANG_ENABLE_OBJC_ARC = YES;
				CLANG_ENABLE_OBJC_WEAK = YES;
				CLANG_WARN_BLOCK_CAPTURE_AUTORELEASING = YES;
				CLANG_WARN_BOOL_CONVERSION = YES;
				CLANG_WARN_COMMA = YES;
				CLANG_WARN_CONSTANT_CONVERSION = YES;
				CLANG_WARN_DEPRECATED_OBJC_IMPLEMENTATIONS = YES;
				CLANG_WARN_DIRECT_OBJC_ISA_USAGE = YES_ERROR;
				CLANG_WARN_DOCUMENTATION_COMMENTS = YES;
				CLANG_WARN_EMPTY_BODY = YES;
				CLANG_WARN_ENUM_CONVERSION = YES;
				CLANG_WARN_INFINITE_RECURSION = YES;
				CLANG_WARN_INT_CONVERSION = YES;
				CLANG_WARN_NON_LITERAL_NULL_CONVERSION = YES;
				CLANG_WARN_OBJC_IMPLICIT_RETAIN_SELF = YES;
				CLANG_WARN_OBJC_LITERAL_CONVERSION = YES;
				CLANG_WARN_OBJC_ROOT_CLASS = YES_ERROR;
				CLANG_WARN_RANGE_LOOP_ANALYSIS = YES;
				CLANG_WARN_STRICT_PROTOTYPES = YES;
				CLANG_WARN_SUSPICIOUS_MOVE = YES;
				CLANG_WARN_UNGUARDED_AVAILABILITY = YES_AGGRESSIVE;
				CLANG_WARN_UNREACHABLE_CODE = YES;
				CLANG_WARN__DUPLICATE_METHOD_MATCH = YES;
				CODE_SIGN_IDENTITY = "iPhone Developer";
				COPY_PHASE_STRIP = NO;
				DEBUG_INFORMATION_FORMAT = "dwarf-with-dsym";
				ENABLE_NS_ASSERTIONS = NO;
				ENABLE_STRICT_OBJC_MSGSEND = YES;
				GCC_C_LANGUAGE_STANDARD = gnu11;
				GCC_NO_COMMON_BLOCKS = YES;
				GCC_WARN_64_TO_32_BIT_CONVERSION = YES;
				GCC_WARN_ABOUT_RETURN_TYPE = YES_ERROR;
				GCC_WARN_UNDECLARED_SELECTOR = YES;
				GCC_WARN_UNINITIALIZED_AUTOS = YES_AGGRESSIVE;
				GCC_WARN_UNUSED_FUNCTION = YES;
				GCC_WARN_UNUSED_VARIABLE = YES;
				IPHONEOS_DEPLOYMENT_TARGET = 11.3;
				MTL_ENABLE_DEBUG_INFO = NO;
				SDKROOT = iphoneos;
				SWIFT_COMPILATION_MODE = wholemodule;
				SWIFT_OPTIMIZATION_LEVEL = "-O";
				VALIDATE_PRODUCT = YES;
			};
			name = Release;
		};
		BE4675F620A5FF0500C75F26 /* Debug */ = {
			isa = XCBuildConfiguration;
			buildSettings = {
				ASSETCATALOG_COMPILER_APPICON_NAME = AppIcon;
				CODE_SIGN_STYLE = Automatic;
				DEVELOPMENT_TEAM = ZFBE39U585;
				INFOPLIST_FILE = SmartCam/Info.plist;
				LD_RUNPATH_SEARCH_PATHS = (
					"$(inherited)",
					"@executable_path/Frameworks",
				);
				PRODUCT_BUNDLE_IDENTIFIER = "-.SmartCam";
				PRODUCT_NAME = "$(TARGET_NAME)";
				SWIFT_VERSION = 4.0;
				TARGETED_DEVICE_FAMILY = "1,2";
			};
			name = Debug;
		};
		BE4675F720A5FF0500C75F26 /* Release */ = {
			isa = XCBuildConfiguration;
			buildSettings = {
				ASSETCATALOG_COMPILER_APPICON_NAME = AppIcon;
				CODE_SIGN_STYLE = Automatic;
				DEVELOPMENT_TEAM = ZFBE39U585;
				INFOPLIST_FILE = SmartCam/Info.plist;
				LD_RUNPATH_SEARCH_PATHS = (
					"$(inherited)",
					"@executable_path/Frameworks",
				);
				PRODUCT_BUNDLE_IDENTIFIER = "-.SmartCam";
				PRODUCT_NAME = "$(TARGET_NAME)";
				SWIFT_VERSION = 4.0;
				TARGETED_DEVICE_FAMILY = "1,2";
			};
			name = Release;
		};
		BE4675F920A5FF0500C75F26 /* Debug */ = {
			isa = XCBuildConfiguration;
			buildSettings = {
				ALWAYS_EMBED_SWIFT_STANDARD_LIBRARIES = YES;
				BUNDLE_LOADER = "$(TEST_HOST)";
				CODE_SIGN_STYLE = Automatic;
				DEVELOPMENT_TEAM = ZFBE39U585;
				INFOPLIST_FILE = SmartCamTests/Info.plist;
				LD_RUNPATH_SEARCH_PATHS = (
					"$(inherited)",
					"@executable_path/Frameworks",
					"@loader_path/Frameworks",
				);
				PRODUCT_BUNDLE_IDENTIFIER = "-.SmartCamTests";
				PRODUCT_NAME = "$(TARGET_NAME)";
				SWIFT_VERSION = 4.0;
				TARGETED_DEVICE_FAMILY = "1,2";
				TEST_HOST = "$(BUILT_PRODUCTS_DIR)/SmartCam.app/SmartCam";
			};
			name = Debug;
		};
		BE4675FA20A5FF0500C75F26 /* Release */ = {
			isa = XCBuildConfiguration;
			buildSettings = {
				ALWAYS_EMBED_SWIFT_STANDARD_LIBRARIES = YES;
				BUNDLE_LOADER = "$(TEST_HOST)";
				CODE_SIGN_STYLE = Automatic;
				DEVELOPMENT_TEAM = ZFBE39U585;
				INFOPLIST_FILE = SmartCamTests/Info.plist;
				LD_RUNPATH_SEARCH_PATHS = (
					"$(inherited)",
					"@executable_path/Frameworks",
					"@loader_path/Frameworks",
				);
				PRODUCT_BUNDLE_IDENTIFIER = "-.SmartCamTests";
				PRODUCT_NAME = "$(TARGET_NAME)";
				SWIFT_VERSION = 4.0;
				TARGETED_DEVICE_FAMILY = "1,2";
				TEST_HOST = "$(BUILT_PRODUCTS_DIR)/SmartCam.app/SmartCam";
			};
			name = Release;
		};
		BE4675FC20A5FF0500C75F26 /* Debug */ = {
			isa = XCBuildConfiguration;
			buildSettings = {
				ALWAYS_EMBED_SWIFT_STANDARD_LIBRARIES = YES;
				CODE_SIGN_STYLE = Automatic;
				DEVELOPMENT_TEAM = ZFBE39U585;
				INFOPLIST_FILE = SmartCamUITests/Info.plist;
				LD_RUNPATH_SEARCH_PATHS = (
					"$(inherited)",
					"@executable_path/Frameworks",
					"@loader_path/Frameworks",
				);
				PRODUCT_BUNDLE_IDENTIFIER = "-.SmartCamUITests";
				PRODUCT_NAME = "$(TARGET_NAME)";
				SWIFT_VERSION = 4.0;
				TARGETED_DEVICE_FAMILY = "1,2";
				TEST_TARGET_NAME = SmartCam;
			};
			name = Debug;
		};
		BE4675FD20A5FF0500C75F26 /* Release */ = {
			isa = XCBuildConfiguration;
			buildSettings = {
				ALWAYS_EMBED_SWIFT_STANDARD_LIBRARIES = YES;
				CODE_SIGN_STYLE = Automatic;
				DEVELOPMENT_TEAM = ZFBE39U585;
				INFOPLIST_FILE = SmartCamUITests/Info.plist;
				LD_RUNPATH_SEARCH_PATHS = (
					"$(inherited)",
					"@executable_path/Frameworks",
					"@loader_path/Frameworks",
				);
				PRODUCT_BUNDLE_IDENTIFIER = "-.SmartCamUITests";
				PRODUCT_NAME = "$(TARGET_NAME)";
				SWIFT_VERSION = 4.0;
				TARGETED_DEVICE_FAMILY = "1,2";
				TEST_TARGET_NAME = SmartCam;
			};
			name = Release;
		};
/* End XCBuildConfiguration section */

/* Begin XCConfigurationList section */
		BE4675C520A5FF0200C75F26 /* Build configuration list for PBXProject "SmartCam" */ = {
			isa = XCConfigurationList;
			buildConfigurations = (
				BE4675F320A5FF0500C75F26 /* Debug */,
				BE4675F420A5FF0500C75F26 /* Release */,
			);
			defaultConfigurationIsVisible = 0;
			defaultConfigurationName = Release;
		};
		BE4675F520A5FF0500C75F26 /* Build configuration list for PBXNativeTarget "SmartCam" */ = {
			isa = XCConfigurationList;
			buildConfigurations = (
				BE4675F620A5FF0500C75F26 /* Debug */,
				BE4675F720A5FF0500C75F26 /* Release */,
			);
			defaultConfigurationIsVisible = 0;
			defaultConfigurationName = Release;
		};
		BE4675F820A5FF0500C75F26 /* Build configuration list for PBXNativeTarget "SmartCamTests" */ = {
			isa = XCConfigurationList;
			buildConfigurations = (
				BE4675F920A5FF0500C75F26 /* Debug */,
				BE4675FA20A5FF0500C75F26 /* Release */,
			);
			defaultConfigurationIsVisible = 0;
			defaultConfigurationName = Release;
		};
		BE4675FB20A5FF0500C75F26 /* Build configuration list for PBXNativeTarget "SmartCamUITests" */ = {
			isa = XCConfigurationList;
			buildConfigurations = (
				BE4675FC20A5FF0500C75F26 /* Debug */,
				BE4675FD20A5FF0500C75F26 /* Release */,
			);
			defaultConfigurationIsVisible = 0;
			defaultConfigurationName = Release;
		};
/* End XCConfigurationList section */

/* Begin XCVersionGroup section */
		BE4675D420A5FF0200C75F26 /* SmartCam.xcdatamodeld */ = {
			isa = XCVersionGroup;
			children = (
				BE4675D520A5FF0200C75F26 /* SmartCam.xcdatamodel */,
			);
			currentVersion = BE4675D520A5FF0200C75F26 /* SmartCam.xcdatamodel */;
			path = SmartCam.xcdatamodeld;
			sourceTree = "<group>";
			versionGroupType = wrapper.xcdatamodel;
		};
/* End XCVersionGroup section */
	};
	rootObject = BE4675C220A5FF0200C75F26 /* Project object */;
}
